{
  "name": "ts-challenges",
  "version": "1.0.0",
  "lockfileVersion": 3,
  "requires": true,
  "packages": {
    "": {
      "name": "ts-challenges",
      "version": "1.0.0",
      "license": "ISC",
      "dependencies": {
        "@type-challenges/utils": "^0.1.1"
      },
      "devDependencies": {
        "typescript": "^5.5.4"
      }
    },
    "node_modules/@type-challenges/utils": {
      "version": "0.1.1",
      "resolved": "https://registry.npmmirror.com/@type-challenges/utils/-/utils-0.1.1.tgz",
      "integrity": "sha512-A7ljYfBM+FLw+NDyuYvGBJiCEV9c0lPWEAdzfOAkb3JFqfLl0Iv/WhWMMARHiRKlmmiD1g8gz/507yVvHdQUYA==",
      "license": "MIT"
    },
    "node_modules/typescript": {
      "version": "5.5.4",
      "resolved": "https://registry.npmmirror.com/typescript/-/typescript-5.5.4.tgz",
      "integrity": "sha512-Mtq29sKDAEYP7aljRgtPOpTvOfbwRWlS6dPRzwjdE+C0R4brX/GUyhHSecbHMFLNBLcJIPt9nl9yG5TZ1weH+Q==",
      "dev": true,
      "license": "Apache-2.0",
      "bin": {
        "tsc": "bin/tsc",
        "tsserver": "bin/tsserver"
      },
      "engines": {
        "node": ">=14.17"
      }
    }
  }
}
